
Microsoft Visual Studio Solution File, Format Version 12.00
# Visual Studio Version 17
VisualStudioVersion = 17.14.36429.23 d17.14
MinimumVisualStudioVersion = 10.0.40219.1
Project("{FAE04EC0-301F-11D3-BF4B-00C04F79EFBC}") = "Gck", "Gck\Gck.csproj", "{514D2FEB-6390-4853-957D-C377E229BA15}"
EndProject
Global
	GlobalSection(SolutionConfigurationPlatforms) = preSolution
		Debug|Any CPU = Debug|Any CPU
		Release|Any CPU = Release|Any CPU
	EndGlobalSection
	GlobalSection(ProjectConfigurationPlatforms) = postSolution
		{514D2FEB-6390-4853-957D-C377E229BA15}.Debug|Any CPU.ActiveCfg = Debug|Any CPU
		{514D2FEB-6390-4853-957D-C377E229BA15}.Debug|Any CPU.Build.0 = Debug|Any CPU
		{514D2FEB-6390-4853-957D-C377E229BA15}.Release|Any CPU.ActiveCfg = Release|Any CPU
		{514D2FEB-6390-4853-957D-C377E229BA15}.Release|Any CPU.Build.0 = Release|Any CPU
	EndGlobalSection
	GlobalSection(SolutionProperties) = preSolution
		HideSolutionNode = FALSE
	EndGlobalSection
	GlobalSection(ExtensibilityGlobals) = postSolution
		SolutionGuid = {DB710631-227C-4D42-839E-2F4617843B03}
	EndGlobalSection
EndGlobal
